
Microsoft Visual Studio Solution File, Format Version 12.00
# Visual Studio Version 17
VisualStudioVersion = 17.12.35707.178
MinimumVisualStudioVersion = 10.0.40219.1
Project("{8BC9CEB8-8B4A-11D0-8D11-00A0C91BC942}") = "rastertekDX11", "rastertekDX11\rastertekDX11.vcxproj", "{03FD07DB-1B57-4477-97AA-04548575FD0C}"
EndProject
Project("{8BC9CEB8-8B4A-11D0-8D11-00A0C91BC942}") = "rastertekDeferredShading", "rastertekDeferredShading\rastertekDeferredShading.vcxproj", "{69CAF9F9-F9F8-44BE-AB46-E169DE1B89BA}"
EndProject
Global
	GlobalSection(SolutionConfigurationPlatforms) = preSolution
		Debug|x64 = Debug|x64
		Debug|x86 = Debug|x86
		Release|x64 = Release|x64
		Release|x86 = Release|x86
	EndGlobalSection
	GlobalSection(ProjectConfigurationPlatforms) = postSolution
		{03FD07DB-1B57-4477-97AA-04548575FD0C}.Debug|x64.ActiveCfg = Debug|x64
		{03FD07DB-1B57-4477-97AA-04548575FD0C}.Debug|x64.Build.0 = Debug|x64
		{03FD07DB-1B57-4477-97AA-04548575FD0C}.Debug|x86.ActiveCfg = Debug|Win32
		{03FD07DB-1B57-4477-97AA-04548575FD0C}.Debug|x86.Build.0 = Debug|Win32
		{03FD07DB-1B57-4477-97AA-04548575FD0C}.Release|x64.ActiveCfg = Release|x64
		{03FD07DB-1B57-4477-97AA-04548575FD0C}.Release|x64.Build.0 = Release|x64
		{03FD07DB-1B57-4477-97AA-04548575FD0C}.Release|x86.ActiveCfg = Release|Win32
		{03FD07DB-1B57-4477-97AA-04548575FD0C}.Release|x86.Build.0 = Release|Win32
		{69CAF9F9-F9F8-44BE-AB46-E169DE1B89BA}.Debug|x64.ActiveCfg = Debug|x64
		{69CAF9F9-F9F8-44BE-AB46-E169DE1B89BA}.Debug|x64.Build.0 = Debug|x64
		{69CAF9F9-F9F8-44BE-AB46-E169DE1B89BA}.Debug|x86.ActiveCfg = Debug|Win32
		{69CAF9F9-F9F8-44BE-AB46-E169DE1B89BA}.Debug|x86.Build.0 = Debug|Win32
		{69CAF9F9-F9F8-44BE-AB46-E169DE1B89BA}.Release|x64.ActiveCfg = Release|x64
		{69CAF9F9-F9F8-44BE-AB46-E169DE1B89BA}.Release|x64.Build.0 = Release|x64
		{69CAF9F9-F9F8-44BE-AB46-E169DE1B89BA}.Release|x86.ActiveCfg = Release|Win32
		{69CAF9F9-F9F8-44BE-AB46-E169DE1B89BA}.Release|x86.Build.0 = Release|Win32
	EndGlobalSection
	GlobalSection(SolutionProperties) = preSolution
		HideSolutionNode = FALSE
	EndGlobalSection
EndGlobal
